
Microsoft Visual Studio Solution File, Format Version 12.00
# Visual Studio Version 17
VisualStudioVersion = 17.4.33213.308
MinimumVisualStudioVersion = 10.0.40219.1
Project("{FAE04EC0-301F-11D3-BF4B-00C04F79EFBC}") = "Algorithm Design 7", "Algorithm Design 7\Algorithm Design 7.csproj", "{A22DA562-09A7-4E20-B934-DF53BFBEB976}"
EndProject
Global
	GlobalSection(SolutionConfigurationPlatforms) = preSolution
		Debug|Any CPU = Debug|Any CPU
		Release|Any CPU = Release|Any CPU
	EndGlobalSection
	GlobalSection(ProjectConfigurationPlatforms) = postSolution
		{A22DA562-09A7-4E20-B934-DF53BFBEB976}.Debug|Any CPU.ActiveCfg = Debug|Any CPU
		{A22DA562-09A7-4E20-B934-DF53BFBEB976}.Debug|Any CPU.Build.0 = Debug|Any CPU
		{A22DA562-09A7-4E20-B934-DF53BFBEB976}.Release|Any CPU.ActiveCfg = Release|Any CPU
		{A22DA562-09A7-4E20-B934-DF53BFBEB976}.Release|Any CPU.Build.0 = Release|Any CPU
	EndGlobalSection
	GlobalSection(SolutionProperties) = preSolution
		HideSolutionNode = FALSE
	EndGlobalSection
	GlobalSection(ExtensibilityGlobals) = postSolution
		SolutionGuid = {85265F1F-59C0-44B2-864D-6911314558A0}
	EndGlobalSection
EndGlobal
