
Microsoft Visual Studio Solution File, Format Version 12.00
# Visual Studio Version 17
VisualStudioVersion = 17.4.33213.308
MinimumVisualStudioVersion = 10.0.40219.1
Project("{FAE04EC0-301F-11D3-BF4B-00C04F79EFBC}") = "Algorithm design 1 - Mission 3", "Algorithm design 1 - Mission 3\Algorithm design 1 - Mission 3.csproj", "{62FDDF67-C074-4DC2-9DD5-B2830A48A1D6}"
EndProject
Global
	GlobalSection(SolutionConfigurationPlatforms) = preSolution
		Debug|Any CPU = Debug|Any CPU
		Release|Any CPU = Release|Any CPU
	EndGlobalSection
	GlobalSection(ProjectConfigurationPlatforms) = postSolution
		{62FDDF67-C074-4DC2-9DD5-B2830A48A1D6}.Debug|Any CPU.ActiveCfg = Debug|Any CPU
		{62FDDF67-C074-4DC2-9DD5-B2830A48A1D6}.Debug|Any CPU.Build.0 = Debug|Any CPU
		{62FDDF67-C074-4DC2-9DD5-B2830A48A1D6}.Release|Any CPU.ActiveCfg = Release|Any CPU
		{62FDDF67-C074-4DC2-9DD5-B2830A48A1D6}.Release|Any CPU.Build.0 = Release|Any CPU
	EndGlobalSection
	GlobalSection(SolutionProperties) = preSolution
		HideSolutionNode = FALSE
	EndGlobalSection
	GlobalSection(ExtensibilityGlobals) = postSolution
		SolutionGuid = {371D9B10-AF7B-482F-B73D-DD7928AA1985}
	EndGlobalSection
EndGlobal
