
Microsoft Visual Studio Solution File, Format Version 12.00
# Visual Studio Version 17
VisualStudioVersion = 17.4.33213.308
MinimumVisualStudioVersion = 10.0.40219.1
Project("{FAE04EC0-301F-11D3-BF4B-00C04F79EFBC}") = "Algorithm Design 2 Mission 2", "Algorithm Design 2 Mission 2\Algorithm Design 2 Mission 2.csproj", "{16A927B6-9922-4796-BB43-24F61E2A9D32}"
EndProject
Global
	GlobalSection(SolutionConfigurationPlatforms) = preSolution
		Debug|Any CPU = Debug|Any CPU
		Release|Any CPU = Release|Any CPU
	EndGlobalSection
	GlobalSection(ProjectConfigurationPlatforms) = postSolution
		{16A927B6-9922-4796-BB43-24F61E2A9D32}.Debug|Any CPU.ActiveCfg = Debug|Any CPU
		{16A927B6-9922-4796-BB43-24F61E2A9D32}.Debug|Any CPU.Build.0 = Debug|Any CPU
		{16A927B6-9922-4796-BB43-24F61E2A9D32}.Release|Any CPU.ActiveCfg = Release|Any CPU
		{16A927B6-9922-4796-BB43-24F61E2A9D32}.Release|Any CPU.Build.0 = Release|Any CPU
	EndGlobalSection
	GlobalSection(SolutionProperties) = preSolution
		HideSolutionNode = FALSE
	EndGlobalSection
	GlobalSection(ExtensibilityGlobals) = postSolution
		SolutionGuid = {1E38C0B3-F6D0-44D5-97CB-DF8F85D831FC}
	EndGlobalSection
EndGlobal
