
Microsoft Visual Studio Solution File, Format Version 12.00
# Visual Studio Version 17
VisualStudioVersion = 17.4.33213.308
MinimumVisualStudioVersion = 10.0.40219.1
Project("{FAE04EC0-301F-11D3-BF4B-00C04F79EFBC}") = "Algorithm Design 1 - Mission 4", "Algorithm Design 1 - Mission 4\Algorithm Design 1 - Mission 4.csproj", "{EEA49D98-C870-458A-B9D4-18EFC7046D40}"
EndProject
Global
	GlobalSection(SolutionConfigurationPlatforms) = preSolution
		Debug|Any CPU = Debug|Any CPU
		Release|Any CPU = Release|Any CPU
	EndGlobalSection
	GlobalSection(ProjectConfigurationPlatforms) = postSolution
		{EEA49D98-C870-458A-B9D4-18EFC7046D40}.Debug|Any CPU.ActiveCfg = Debug|Any CPU
		{EEA49D98-C870-458A-B9D4-18EFC7046D40}.Debug|Any CPU.Build.0 = Debug|Any CPU
		{EEA49D98-C870-458A-B9D4-18EFC7046D40}.Release|Any CPU.ActiveCfg = Release|Any CPU
		{EEA49D98-C870-458A-B9D4-18EFC7046D40}.Release|Any CPU.Build.0 = Release|Any CPU
	EndGlobalSection
	GlobalSection(SolutionProperties) = preSolution
		HideSolutionNode = FALSE
	EndGlobalSection
	GlobalSection(ExtensibilityGlobals) = postSolution
		SolutionGuid = {CF4ACCD3-E66A-4562-AF18-70823CF22B10}
	EndGlobalSection
EndGlobal
