
Microsoft Visual Studio Solution File, Format Version 12.00
# Visual Studio Version 17
VisualStudioVersion = 17.4.33213.308
MinimumVisualStudioVersion = 10.0.40219.1
Project("{FAE04EC0-301F-11D3-BF4B-00C04F79EFBC}") = "Algorithm Design 2 Mission 1", "Algorithm Design 2 Mission 1\Algorithm Design 2 Mission 1.csproj", "{03E24DED-7604-4F27-8420-9D7484D0558E}"
EndProject
Global
	GlobalSection(SolutionConfigurationPlatforms) = preSolution
		Debug|Any CPU = Debug|Any CPU
		Release|Any CPU = Release|Any CPU
	EndGlobalSection
	GlobalSection(ProjectConfigurationPlatforms) = postSolution
		{03E24DED-7604-4F27-8420-9D7484D0558E}.Debug|Any CPU.ActiveCfg = Debug|Any CPU
		{03E24DED-7604-4F27-8420-9D7484D0558E}.Debug|Any CPU.Build.0 = Debug|Any CPU
		{03E24DED-7604-4F27-8420-9D7484D0558E}.Release|Any CPU.ActiveCfg = Release|Any CPU
		{03E24DED-7604-4F27-8420-9D7484D0558E}.Release|Any CPU.Build.0 = Release|Any CPU
	EndGlobalSection
	GlobalSection(SolutionProperties) = preSolution
		HideSolutionNode = FALSE
	EndGlobalSection
	GlobalSection(ExtensibilityGlobals) = postSolution
		SolutionGuid = {18C35058-F254-40AE-B317-1B0D090A2C20}
	EndGlobalSection
EndGlobal
